{
  "name": "bet-familia-monorepo",
  "version": "1.0.0",
  "lockfileVersion": 3,
  "requires": true,
  "packages": {
    "": {
      "name": "bet-familia-monorepo",
      "version": "1.0.0",
      "license": "MIT",
      "workspaces": [
        "packages/backend",
        "packages/frontend"
      ]
    },
    "node_modules/backend": {
      "resolved": "packages/backend",
      "link": true
    },
    "node_modules/frontend": {
      "resolved": "packages/frontend",
      "link": true
    },
    "packages/backend": {
      "version": "1.0.0",
      "license": "MIT"
    },
    "packages/frontend": {
      "version": "1.0.0",
      "license": "ISC",
      "devDependencies": {}
    }
  }
}
